
Microsoft Visual Studio Solution File, Format Version 12.00
# Visual Studio Version 17
VisualStudioVersion = 17.8.34330.188
MinimumVisualStudioVersion = 10.0.40219.1
Project("{8BC9CEB8-8B4A-11D0-8D11-00A0C91BC942}") = "Jump Ball", "Jump Ball\Jump Ball.vcxproj", "{2541A98A-55BE-4321-8B60-571EA627CD2C}"
EndProject
Project("{54435603-DBB4-11D2-8724-00A0C9A8B90C}") = "Setup2", "Setup2\Setup2.vdproj", "{FA5A0C25-F9DB-476D-9E65-4609786C7CD3}"
EndProject
Global
	GlobalSection(SolutionConfigurationPlatforms) = preSolution
		Debug|x64 = Debug|x64
		Debug|x86 = Debug|x86
		Release|x64 = Release|x64
		Release|x86 = Release|x86
	EndGlobalSection
	GlobalSection(ProjectConfigurationPlatforms) = postSolution
		{2541A98A-55BE-4321-8B60-571EA627CD2C}.Debug|x64.ActiveCfg = Debug|x64
		{2541A98A-55BE-4321-8B60-571EA627CD2C}.Debug|x64.Build.0 = Debug|x64
		{2541A98A-55BE-4321-8B60-571EA627CD2C}.Debug|x86.ActiveCfg = Debug|Win32
		{2541A98A-55BE-4321-8B60-571EA627CD2C}.Debug|x86.Build.0 = Debug|Win32
		{2541A98A-55BE-4321-8B60-571EA627CD2C}.Release|x64.ActiveCfg = Release|x64
		{2541A98A-55BE-4321-8B60-571EA627CD2C}.Release|x64.Build.0 = Release|x64
		{2541A98A-55BE-4321-8B60-571EA627CD2C}.Release|x86.ActiveCfg = Release|Win32
		{2541A98A-55BE-4321-8B60-571EA627CD2C}.Release|x86.Build.0 = Release|Win32
		{FA5A0C25-F9DB-476D-9E65-4609786C7CD3}.Debug|x64.ActiveCfg = Debug
		{FA5A0C25-F9DB-476D-9E65-4609786C7CD3}.Debug|x86.ActiveCfg = Debug
		{FA5A0C25-F9DB-476D-9E65-4609786C7CD3}.Release|x64.ActiveCfg = Release
		{FA5A0C25-F9DB-476D-9E65-4609786C7CD3}.Release|x86.ActiveCfg = Release
	EndGlobalSection
	GlobalSection(SolutionProperties) = preSolution
		HideSolutionNode = FALSE
	EndGlobalSection
	GlobalSection(ExtensibilityGlobals) = postSolution
		SolutionGuid = {EC795DB3-CF4C-47F2-8890-0E6BCA56C0AA}
	EndGlobalSection
	GlobalSection(SolutionConfigurationPlatforms) = preSolution
		Debug|x64 = Debug|x64
		Debug|x86 = Debug|x86
		Release|x64 = Release|x64
		Release|x86 = Release|x86
	EndGlobalSection
EndGlobal
